
Microsoft Visual Studio Solution File, Format Version 12.00
# Visual Studio Version 16
VisualStudioVersion = 16.0.31321.278
MinimumVisualStudioVersion = 10.0.40219.1
Project("{FAE04EC0-301F-11D3-BF4B-00C04F79EFBC}") = "POCO", "POCO\POCO.csproj", "{C8C82718-F0A5-4DAA-9112-B69F3E92024A}"
EndProject
Project("{FAE04EC0-301F-11D3-BF4B-00C04F79EFBC}") = "Repositories", "Repositories\Repositories.csproj", "{317374B8-AFED-4A75-91F9-5DF669B547E8}"
EndProject
Project("{FAE04EC0-301F-11D3-BF4B-00C04F79EFBC}") = "Komodo_Console_Application", "Komodo_Console_Application\Komodo_Console_Application.csproj", "{EA7B811C-29D5-4749-84AF-7398A61E62C0}"
EndProject
Global
	GlobalSection(SolutionConfigurationPlatforms) = preSolution
		Debug|Any CPU = Debug|Any CPU
		Release|Any CPU = Release|Any CPU
	EndGlobalSection
	GlobalSection(ProjectConfigurationPlatforms) = postSolution
		{C8C82718-F0A5-4DAA-9112-B69F3E92024A}.Debug|Any CPU.ActiveCfg = Debug|Any CPU
		{C8C82718-F0A5-4DAA-9112-B69F3E92024A}.Debug|Any CPU.Build.0 = Debug|Any CPU
		{C8C82718-F0A5-4DAA-9112-B69F3E92024A}.Release|Any CPU.ActiveCfg = Release|Any CPU
		{C8C82718-F0A5-4DAA-9112-B69F3E92024A}.Release|Any CPU.Build.0 = Release|Any CPU
		{317374B8-AFED-4A75-91F9-5DF669B547E8}.Debug|Any CPU.ActiveCfg = Debug|Any CPU
		{317374B8-AFED-4A75-91F9-5DF669B547E8}.Debug|Any CPU.Build.0 = Debug|Any CPU
		{317374B8-AFED-4A75-91F9-5DF669B547E8}.Release|Any CPU.ActiveCfg = Release|Any CPU
		{317374B8-AFED-4A75-91F9-5DF669B547E8}.Release|Any CPU.Build.0 = Release|Any CPU
		{EA7B811C-29D5-4749-84AF-7398A61E62C0}.Debug|Any CPU.ActiveCfg = Debug|Any CPU
		{EA7B811C-29D5-4749-84AF-7398A61E62C0}.Debug|Any CPU.Build.0 = Debug|Any CPU
		{EA7B811C-29D5-4749-84AF-7398A61E62C0}.Release|Any CPU.ActiveCfg = Release|Any CPU
		{EA7B811C-29D5-4749-84AF-7398A61E62C0}.Release|Any CPU.Build.0 = Release|Any CPU
	EndGlobalSection
	GlobalSection(SolutionProperties) = preSolution
		HideSolutionNode = FALSE
	EndGlobalSection
	GlobalSection(ExtensibilityGlobals) = postSolution
		SolutionGuid = {E4A3F0FA-AC95-4FA1-A683-18A00A4C82A6}
	EndGlobalSection
EndGlobal
